
Microsoft Visual Studio Solution File, Format Version 12.00
# Visual Studio Version 17
VisualStudioVersion = 17.3.32929.385
MinimumVisualStudioVersion = 10.0.40219.1
Project("{FAE04EC0-301F-11D3-BF4B-00C04F79EFBC}") = "LibraryHub", "LibraryHub\LibraryHub.csproj", "{1B7ED5FF-4555-444D-AD8A-98120DCE3601}"
EndProject
Global
	GlobalSection(SolutionConfigurationPlatforms) = preSolution
		Debug|Any CPU = Debug|Any CPU
		Release|Any CPU = Release|Any CPU
	EndGlobalSection
	GlobalSection(ProjectConfigurationPlatforms) = postSolution
		{1B7ED5FF-4555-444D-AD8A-98120DCE3601}.Debug|Any CPU.ActiveCfg = Debug|Any CPU
		{1B7ED5FF-4555-444D-AD8A-98120DCE3601}.Debug|Any CPU.Build.0 = Debug|Any CPU
		{1B7ED5FF-4555-444D-AD8A-98120DCE3601}.Release|Any CPU.ActiveCfg = Release|Any CPU
		{1B7ED5FF-4555-444D-AD8A-98120DCE3601}.Release|Any CPU.Build.0 = Release|Any CPU
	EndGlobalSection
	GlobalSection(SolutionProperties) = preSolution
		HideSolutionNode = FALSE
	EndGlobalSection
	GlobalSection(ExtensibilityGlobals) = postSolution
		SolutionGuid = {6BC389A5-1326-442A-8A67-9080DF80DE00}
	EndGlobalSection
EndGlobal
